
Microsoft Visual Studio Solution File, Format Version 12.00
# Visual Studio Version 16
VisualStudioVersion = 25.0.1700.3
MinimumVisualStudioVersion = 10.0.40219.1
Project("{FAE04EC0-301F-11D3-BF4B-00C04F79EFBC}") = "QQQReader", "QQQReader\QQQReader.csproj", "{A795391A-2B01-460E-952D-7449B03F6240}"
EndProject
Project("{FAE04EC0-301F-11D3-BF4B-00C04F79EFBC}") = "dotnet-alpaca-config", "..\dotnet-alpaca\Configuration\dotnet-alpaca-config.csproj", "{AC9C6A38-D237-4ADB-B42A-31F43E749271}"
EndProject
Project("{FAE04EC0-301F-11D3-BF4B-00C04F79EFBC}") = "database", "..\dotnet-alpaca\database\database.csproj", "{5C531384-05C3-414E-BC59-B80E5ECE9F29}"
EndProject
Project("{FAE04EC0-301F-11D3-BF4B-00C04F79EFBC}") = "dotnet-alpaca-data", "dotnet-alpaca-data\dotnet-alpaca-data.csproj", "{F60F5C41-643D-4A96-AC28-2194EE96D320}"
EndProject
Project("{FAE04EC0-301F-11D3-BF4B-00C04F79EFBC}") = "dotnet-alpaca-trade", "dotnet-alpaca-trade\dotnet-alpaca-trade.csproj", "{D07086B0-32D8-4292-A52F-1E0C311A7821}"
EndProject
Global
	GlobalSection(SolutionConfigurationPlatforms) = preSolution
		Debug|Any CPU = Debug|Any CPU
		Release|Any CPU = Release|Any CPU
	EndGlobalSection
	GlobalSection(ProjectConfigurationPlatforms) = postSolution
		{A795391A-2B01-460E-952D-7449B03F6240}.Debug|Any CPU.ActiveCfg = Debug|Any CPU
		{A795391A-2B01-460E-952D-7449B03F6240}.Debug|Any CPU.Build.0 = Debug|Any CPU
		{A795391A-2B01-460E-952D-7449B03F6240}.Release|Any CPU.ActiveCfg = Release|Any CPU
		{A795391A-2B01-460E-952D-7449B03F6240}.Release|Any CPU.Build.0 = Release|Any CPU
		{AC9C6A38-D237-4ADB-B42A-31F43E749271}.Debug|Any CPU.ActiveCfg = Debug|Any CPU
		{AC9C6A38-D237-4ADB-B42A-31F43E749271}.Debug|Any CPU.Build.0 = Debug|Any CPU
		{AC9C6A38-D237-4ADB-B42A-31F43E749271}.Release|Any CPU.ActiveCfg = Release|Any CPU
		{AC9C6A38-D237-4ADB-B42A-31F43E749271}.Release|Any CPU.Build.0 = Release|Any CPU
		{5C531384-05C3-414E-BC59-B80E5ECE9F29}.Debug|Any CPU.ActiveCfg = Debug|Any CPU
		{5C531384-05C3-414E-BC59-B80E5ECE9F29}.Debug|Any CPU.Build.0 = Debug|Any CPU
		{5C531384-05C3-414E-BC59-B80E5ECE9F29}.Release|Any CPU.ActiveCfg = Release|Any CPU
		{5C531384-05C3-414E-BC59-B80E5ECE9F29}.Release|Any CPU.Build.0 = Release|Any CPU
		{F60F5C41-643D-4A96-AC28-2194EE96D320}.Debug|Any CPU.ActiveCfg = Debug|Any CPU
		{F60F5C41-643D-4A96-AC28-2194EE96D320}.Debug|Any CPU.Build.0 = Debug|Any CPU
		{F60F5C41-643D-4A96-AC28-2194EE96D320}.Release|Any CPU.ActiveCfg = Release|Any CPU
		{F60F5C41-643D-4A96-AC28-2194EE96D320}.Release|Any CPU.Build.0 = Release|Any CPU
		{D07086B0-32D8-4292-A52F-1E0C311A7821}.Debug|Any CPU.ActiveCfg = Debug|Any CPU
		{D07086B0-32D8-4292-A52F-1E0C311A7821}.Debug|Any CPU.Build.0 = Debug|Any CPU
		{D07086B0-32D8-4292-A52F-1E0C311A7821}.Release|Any CPU.ActiveCfg = Release|Any CPU
		{D07086B0-32D8-4292-A52F-1E0C311A7821}.Release|Any CPU.Build.0 = Release|Any CPU
	EndGlobalSection
	GlobalSection(SolutionProperties) = preSolution
		HideSolutionNode = FALSE
	EndGlobalSection
	GlobalSection(ExtensibilityGlobals) = postSolution
		SolutionGuid = {55CA5534-19A0-4250-9203-236809E2918F}
	EndGlobalSection
EndGlobal
